
Microsoft Visual Studio Solution File, Format Version 12.00
# Visual Studio Version 17
VisualStudioVersion = 17.9.34723.18
MinimumVisualStudioVersion = 10.0.40219.1
Project("{8BC9CEB8-8B4A-11D0-8D11-00A0C91BC942}") = "Retro-SemiGraphics", "Retro-SemiGraphics.vcxproj", "{FE9C265D-77EF-43A9-88C3-DE6438B8D6E7}"
EndProject
Project("{8BC9CEB8-8B4A-11D0-8D11-00A0C91BC942}") = "SDL3", "..\..\..\..\..\cpplibs\SDL-release-3.2.16\VisualC\SDL\SDL.vcxproj", "{81CE8DAF-EBB2-4761-8E45-B71ABCCA8C68}"
EndProject
Global
	GlobalSection(SolutionConfigurationPlatforms) = preSolution
		Debug|x64 = Debug|x64
		Debug|x86 = Debug|x86
		Release|x64 = Release|x64
		Release|x86 = Release|x86
	EndGlobalSection
	GlobalSection(ProjectConfigurationPlatforms) = postSolution
		{FE9C265D-77EF-43A9-88C3-DE6438B8D6E7}.Debug|x64.ActiveCfg = Debug|x64
		{FE9C265D-77EF-43A9-88C3-DE6438B8D6E7}.Debug|x64.Build.0 = Debug|x64
		{FE9C265D-77EF-43A9-88C3-DE6438B8D6E7}.Debug|x86.ActiveCfg = Debug|Win32
		{FE9C265D-77EF-43A9-88C3-DE6438B8D6E7}.Debug|x86.Build.0 = Debug|Win32
		{FE9C265D-77EF-43A9-88C3-DE6438B8D6E7}.Release|x64.ActiveCfg = Release|x64
		{FE9C265D-77EF-43A9-88C3-DE6438B8D6E7}.Release|x64.Build.0 = Release|x64
		{FE9C265D-77EF-43A9-88C3-DE6438B8D6E7}.Release|x86.ActiveCfg = Release|Win32
		{FE9C265D-77EF-43A9-88C3-DE6438B8D6E7}.Release|x86.Build.0 = Release|Win32
		{81CE8DAF-EBB2-4761-8E45-B71ABCCA8C68}.Debug|x64.ActiveCfg = Debug|x64
		{81CE8DAF-EBB2-4761-8E45-B71ABCCA8C68}.Debug|x64.Build.0 = Debug|x64
		{81CE8DAF-EBB2-4761-8E45-B71ABCCA8C68}.Debug|x86.ActiveCfg = Debug|Win32
		{81CE8DAF-EBB2-4761-8E45-B71ABCCA8C68}.Debug|x86.Build.0 = Debug|Win32
		{81CE8DAF-EBB2-4761-8E45-B71ABCCA8C68}.Release|x64.ActiveCfg = Release|x64
		{81CE8DAF-EBB2-4761-8E45-B71ABCCA8C68}.Release|x64.Build.0 = Release|x64
		{81CE8DAF-EBB2-4761-8E45-B71ABCCA8C68}.Release|x86.ActiveCfg = Release|Win32
		{81CE8DAF-EBB2-4761-8E45-B71ABCCA8C68}.Release|x86.Build.0 = Release|Win32
	EndGlobalSection
	GlobalSection(SolutionProperties) = preSolution
		HideSolutionNode = FALSE
	EndGlobalSection
	GlobalSection(ExtensibilityGlobals) = postSolution
		SolutionGuid = {57D906CE-61B3-447B-83FD-05C15A37D750}
	EndGlobalSection
EndGlobal
